
Microsoft Visual Studio Solution File, Format Version 12.00
# Visual Studio 14
VisualStudioVersion = 14.0.25420.1
MinimumVisualStudioVersion = 10.0.40219.1
Project("{8BC9CEB8-8B4A-11D0-8D11-00A0C91BC942}") = "codeforce_cpp", "codeforce_cpp\codeforce_cpp.vcxproj", "{6F51D4CE-5634-44BC-B290-D899CB6CD9FB}"
EndProject
Project("{8BC9CEB8-8B4A-11D0-8D11-00A0C91BC942}") = "unit", "unit\unit.vcxproj", "{FDF4430D-3080-4218-9AA1-71914ACDA076}"
EndProject
Project("{FAE04EC0-301F-11D3-BF4B-00C04F79EFBC}") = "code_csharp", "code_csharp\code_csharp.csproj", "{29B644BE-83D3-4039-BA37-2470FE76586E}"
EndProject
Global
	GlobalSection(SolutionConfigurationPlatforms) = preSolution
		Debug|Any CPU = Debug|Any CPU
		Debug|x64 = Debug|x64
		Debug|x86 = Debug|x86
		Release|Any CPU = Release|Any CPU
		Release|x64 = Release|x64
		Release|x86 = Release|x86
	EndGlobalSection
	GlobalSection(ProjectConfigurationPlatforms) = postSolution
		{6F51D4CE-5634-44BC-B290-D899CB6CD9FB}.Debug|Any CPU.ActiveCfg = Debug|Win32
		{6F51D4CE-5634-44BC-B290-D899CB6CD9FB}.Debug|x64.ActiveCfg = Debug|x64
		{6F51D4CE-5634-44BC-B290-D899CB6CD9FB}.Debug|x64.Build.0 = Debug|x64
		{6F51D4CE-5634-44BC-B290-D899CB6CD9FB}.Debug|x86.ActiveCfg = Debug|Win32
		{6F51D4CE-5634-44BC-B290-D899CB6CD9FB}.Debug|x86.Build.0 = Debug|Win32
		{6F51D4CE-5634-44BC-B290-D899CB6CD9FB}.Release|Any CPU.ActiveCfg = Release|Win32
		{6F51D4CE-5634-44BC-B290-D899CB6CD9FB}.Release|x64.ActiveCfg = Release|x64
		{6F51D4CE-5634-44BC-B290-D899CB6CD9FB}.Release|x64.Build.0 = Release|x64
		{6F51D4CE-5634-44BC-B290-D899CB6CD9FB}.Release|x86.ActiveCfg = Release|Win32
		{6F51D4CE-5634-44BC-B290-D899CB6CD9FB}.Release|x86.Build.0 = Release|Win32
		{FDF4430D-3080-4218-9AA1-71914ACDA076}.Debug|Any CPU.ActiveCfg = Debug|Win32
		{FDF4430D-3080-4218-9AA1-71914ACDA076}.Debug|x64.ActiveCfg = Debug|x64
		{FDF4430D-3080-4218-9AA1-71914ACDA076}.Debug|x64.Build.0 = Debug|x64
		{FDF4430D-3080-4218-9AA1-71914ACDA076}.Debug|x86.ActiveCfg = Debug|Win32
		{FDF4430D-3080-4218-9AA1-71914ACDA076}.Debug|x86.Build.0 = Debug|Win32
		{FDF4430D-3080-4218-9AA1-71914ACDA076}.Release|Any CPU.ActiveCfg = Release|Win32
		{FDF4430D-3080-4218-9AA1-71914ACDA076}.Release|x64.ActiveCfg = Release|x64
		{FDF4430D-3080-4218-9AA1-71914ACDA076}.Release|x64.Build.0 = Release|x64
		{FDF4430D-3080-4218-9AA1-71914ACDA076}.Release|x86.ActiveCfg = Release|Win32
		{FDF4430D-3080-4218-9AA1-71914ACDA076}.Release|x86.Build.0 = Release|Win32
		{29B644BE-83D3-4039-BA37-2470FE76586E}.Debug|Any CPU.ActiveCfg = Debug|Any CPU
		{29B644BE-83D3-4039-BA37-2470FE76586E}.Debug|Any CPU.Build.0 = Debug|Any CPU
		{29B644BE-83D3-4039-BA37-2470FE76586E}.Debug|x64.ActiveCfg = Debug|Any CPU
		{29B644BE-83D3-4039-BA37-2470FE76586E}.Debug|x64.Build.0 = Debug|Any CPU
		{29B644BE-83D3-4039-BA37-2470FE76586E}.Debug|x86.ActiveCfg = Debug|Any CPU
		{29B644BE-83D3-4039-BA37-2470FE76586E}.Debug|x86.Build.0 = Debug|Any CPU
		{29B644BE-83D3-4039-BA37-2470FE76586E}.Release|Any CPU.ActiveCfg = Release|Any CPU
		{29B644BE-83D3-4039-BA37-2470FE76586E}.Release|Any CPU.Build.0 = Release|Any CPU
		{29B644BE-83D3-4039-BA37-2470FE76586E}.Release|x64.ActiveCfg = Release|Any CPU
		{29B644BE-83D3-4039-BA37-2470FE76586E}.Release|x64.Build.0 = Release|Any CPU
		{29B644BE-83D3-4039-BA37-2470FE76586E}.Release|x86.ActiveCfg = Release|Any CPU
		{29B644BE-83D3-4039-BA37-2470FE76586E}.Release|x86.Build.0 = Release|Any CPU
	EndGlobalSection
	GlobalSection(SolutionProperties) = preSolution
		HideSolutionNode = FALSE
	EndGlobalSection
EndGlobal
